
Microsoft Visual Studio Solution File, Format Version 12.00
# Visual Studio 15
VisualStudioVersion = 15.0.27130.2003
MinimumVisualStudioVersion = 10.0.40219.1
Project("{FAE04EC0-301F-11D3-BF4B-00C04F79EFBC}") = "EasyUp.Core", "EasyUp.Core\EasyUp.Core.csproj", "{E6ABAA9E-6192-40E3-845A-FDC08F74CD3F}"
EndProject
Project("{FAE04EC0-301F-11D3-BF4B-00C04F79EFBC}") = "EasyUp.Api", "EasyUp.Api\EasyUp.Api.csproj", "{ED7F17F8-1E74-4887-8F0B-CB4BFBB3AF29}"
EndProject
Project("{FAE04EC0-301F-11D3-BF4B-00C04F79EFBC}") = "EasyUp.IRepository", "EasyUp.IRepository\EasyUp.IRepository.csproj", "{2AEB5BDD-C825-4211-B1E8-55E88F8B2BD3}"
EndProject
Project("{FAE04EC0-301F-11D3-BF4B-00C04F79EFBC}") = "EasyUp.Repository", "EasyUp.Repository\EasyUp.Repository.csproj", "{309D1A1D-39D1-47B7-AE96-F180D6971F08}"
EndProject
Global
	GlobalSection(SolutionConfigurationPlatforms) = preSolution
		Debug|Any CPU = Debug|Any CPU
		Release|Any CPU = Release|Any CPU
	EndGlobalSection
	GlobalSection(ProjectConfigurationPlatforms) = postSolution
		{E6ABAA9E-6192-40E3-845A-FDC08F74CD3F}.Debug|Any CPU.ActiveCfg = Debug|Any CPU
		{E6ABAA9E-6192-40E3-845A-FDC08F74CD3F}.Debug|Any CPU.Build.0 = Debug|Any CPU
		{E6ABAA9E-6192-40E3-845A-FDC08F74CD3F}.Release|Any CPU.ActiveCfg = Release|Any CPU
		{E6ABAA9E-6192-40E3-845A-FDC08F74CD3F}.Release|Any CPU.Build.0 = Release|Any CPU
		{ED7F17F8-1E74-4887-8F0B-CB4BFBB3AF29}.Debug|Any CPU.ActiveCfg = Debug|Any CPU
		{ED7F17F8-1E74-4887-8F0B-CB4BFBB3AF29}.Debug|Any CPU.Build.0 = Debug|Any CPU
		{ED7F17F8-1E74-4887-8F0B-CB4BFBB3AF29}.Release|Any CPU.ActiveCfg = Release|Any CPU
		{ED7F17F8-1E74-4887-8F0B-CB4BFBB3AF29}.Release|Any CPU.Build.0 = Release|Any CPU
		{2AEB5BDD-C825-4211-B1E8-55E88F8B2BD3}.Debug|Any CPU.ActiveCfg = Debug|Any CPU
		{2AEB5BDD-C825-4211-B1E8-55E88F8B2BD3}.Debug|Any CPU.Build.0 = Debug|Any CPU
		{2AEB5BDD-C825-4211-B1E8-55E88F8B2BD3}.Release|Any CPU.ActiveCfg = Release|Any CPU
		{2AEB5BDD-C825-4211-B1E8-55E88F8B2BD3}.Release|Any CPU.Build.0 = Release|Any CPU
		{309D1A1D-39D1-47B7-AE96-F180D6971F08}.Debug|Any CPU.ActiveCfg = Debug|Any CPU
		{309D1A1D-39D1-47B7-AE96-F180D6971F08}.Debug|Any CPU.Build.0 = Debug|Any CPU
		{309D1A1D-39D1-47B7-AE96-F180D6971F08}.Release|Any CPU.ActiveCfg = Release|Any CPU
		{309D1A1D-39D1-47B7-AE96-F180D6971F08}.Release|Any CPU.Build.0 = Release|Any CPU
	EndGlobalSection
	GlobalSection(SolutionProperties) = preSolution
		HideSolutionNode = FALSE
	EndGlobalSection
	GlobalSection(ExtensibilityGlobals) = postSolution
		SolutionGuid = {93D9F098-EBC2-4479-A99E-E4AD5DC7E681}
	EndGlobalSection
EndGlobal
